<Solution>
  <Folder Name="/src/">
    <Project Path="backend/src/Inspection.Contracts/Inspection.Contracts.csproj" />
    <Project Path="backend/src/Inspection.Infrastructure/Inspection.Infrastructure.csproj" />
    <Project Path="backend/src/Inspection.Domain/Inspection.Domain.csproj" />
    <Project Path="backend/src/Inspection.Application/Inspection.Application.csproj" />
    <Project Path="backend/src/Inspection.Host/Inspection.Host.csproj" />
  </Folder>
  <Folder Name="/tests/">
    <Project Path="backend/tests/Inspection.Application.Tests/Inspection.Application.Tests.csproj" />
    <Project Path="backend/tests/Inspection.Infrastructure.Tests/Inspection.Infrastructure.Tests.csproj" />
    <Project Path="backend/tests/Inspection.Domain.Tests/Inspection.Domain.Tests.csproj" />
    <Project Path="backend/tests/Inspection.Host.Tests/Inspection.Host.Tests.csproj" />
  </Folder>
  <Folder Name="/simulator/">
    <Project Path="simulator/VirtualPlc/src/VirtualPlc/VirtualPlc.csproj" />
    <Project Path="simulator/VirtualPlc/tests/VirtualPlc.SystemValidation/VirtualPlc.SystemValidation.csproj" />
  </Folder>
</Solution>
